// !$*UTF8*$!
{
	archiveVersion = 1;
	classes = {
	};
	objectVersion = 46;
	objects = {

/* Begin PBXBuildFile section */
		735BA31A1CDFAB0A0001A92D /* AppDelegate.swift in Sources */ = {isa = PBXBuildFile; fileRef = 735BA3191CDFAB0A0001A92D /* AppDelegate.swift */; };
		735BA31C1CDFAB0A0001A92D /* ViewController.swift in Sources */ = {isa = PBXBuildFile; fileRef = 735BA31B1CDFAB0A0001A92D /* ViewController.swift */; };
		735BA31F1CDFAB0A0001A92D /* Main.storyboard in Resources */ = {isa = PBXBuildFile; fileRef = 735BA31D1CDFAB0A0001A92D /* Main.storyboard */; };
		735BA3211CDFAB0A0001A92D /* Assets.xcassets in Resources */ = {isa = PBXBuildFile; fileRef = 735BA3201CDFAB0A0001A92D /* Assets.xcassets */; };
		735BA3241CDFAB0A0001A92D /* LaunchScreen.storyboard in Resources */ = {isa = PBXBuildFile; fileRef = 735BA3221CDFAB0A0001A92D /* LaunchScreen.storyboard */; };
		739683671CE0D4B5005F08A7 /* 29x29.png in Resources */ = {isa = PBXBuildFile; fileRef = 739683631CE0D4B5005F08A7 /* 29x29.png */; };
		739683681CE0D4B5005F08A7 /* 40x40.png in Resources */ = {isa = PBXBuildFile; fileRef = 739683641CE0D4B5005F08A7 /* 40x40.png */; };
		739683691CE0D4B5005F08A7 /* 57x57.png in Resources */ = {isa = PBXBuildFile; fileRef = 739683651CE0D4B5005F08A7 /* 57x57.png */; };
		7396836A1CE0D4B5005F08A7 /* 60x60.png in Resources */ = {isa = PBXBuildFile; fileRef = 739683661CE0D4B5005F08A7 /* 60x60.png */; };
		739683701CE0D633005F08A7 /* 64x64.png in Resources */ = {isa = PBXBuildFile; fileRef = 7396836B1CE0D633005F08A7 /* 64x64.png */; };
		739683711CE0D633005F08A7 /* 70x70.png in Resources */ = {isa = PBXBuildFile; fileRef = 7396836C1CE0D633005F08A7 /* 70x70.png */; };
		739683721CE0D633005F08A7 /* 80x80.png in Resources */ = {isa = PBXBuildFile; fileRef = 7396836D1CE0D633005F08A7 /* 80x80.png */; };
		739683731CE0D633005F08A7 /* 90x90.png in Resources */ = {isa = PBXBuildFile; fileRef = 7396836E1CE0D633005F08A7 /* 90x90.png */; };
		739683741CE0D633005F08A7 /* 114x114.png in Resources */ = {isa = PBXBuildFile; fileRef = 7396836F1CE0D633005F08A7 /* 114x114.png */; };
		739683761CE0D77C005F08A7 /* 152x152.png in Resources */ = {isa = PBXBuildFile; fileRef = 739683751CE0D77C005F08A7 /* 152x152.png */; };
/* End PBXBuildFile section */

/* Begin PBXFileReference section */
		735BA3161CDFAB0A0001A92D /* Calculator.app */ = {isa = PBXFileReference; explicitFileType = wrapper.application; includeInIndex = 0; path = Calculator.app; sourceTree = BUILT_PRODUCTS_DIR; };
		735BA3191CDFAB0A0001A92D /* AppDelegate.swift */ = {isa = PBXFileReference; lastKnownFileType = sourcecode.swift; path = AppDelegate.swift; sourceTree = "<group>"; };
		735BA31B1CDFAB0A0001A92D /* ViewController.swift */ = {isa = PBXFileReference; lastKnownFileType = sourcecode.swift; path = ViewController.swift; sourceTree = "<group>"; };
		735BA31E1CDFAB0A0001A92D /* Base */ = {isa = PBXFileReference; lastKnownFileType = file.storyboard; name = Base; path = Base.lproj/Main.storyboard; sourceTree = "<group>"; };
		735BA3201CDFAB0A0001A92D /* Assets.xcassets */ = {isa = PBXFileReference; lastKnownFileType = folder.assetcatalog; path = Assets.xcassets; sourceTree = "<group>"; };
		735BA3231CDFAB0A0001A92D /* Base */ = {isa = PBXFileReference; lastKnownFileType = file.storyboard; name = Base; path = Base.lproj/LaunchScreen.storyboard; sourceTree = "<group>"; };
		735BA3251CDFAB0A0001A92D /* Info.plist */ = {isa = PBXFileReference; lastKnownFileType = text.plist.xml; path = Info.plist; sourceTree = "<group>"; };
		739683631CE0D4B5005F08A7 /* 29x29.png */ = {isa = PBXFileReference; lastKnownFileType = image.png; path = 29x29.png; sourceTree = "<group>"; };
		739683641CE0D4B5005F08A7 /* 40x40.png */ = {isa = PBXFileReference; lastKnownFileType = image.png; path = 40x40.png; sourceTree = "<group>"; };
		739683651CE0D4B5005F08A7 /* 57x57.png */ = {isa = PBXFileReference; lastKnownFileType = image.png; path = 57x57.png; sourceTree = "<group>"; };
		739683661CE0D4B5005F08A7 /* 60x60.png */ = {isa = PBXFileReference; lastKnownFileType = image.png; path = 60x60.png; sourceTree = "<group>"; };
		7396836B1CE0D633005F08A7 /* 64x64.png */ = {isa = PBXFileReference; lastKnownFileType = image.png; path = 64x64.png; sourceTree = "<group>"; };
		7396836C1CE0D633005F08A7 /* 70x70.png */ = {isa = PBXFileReference; lastKnownFileType = image.png; path = 70x70.png; sourceTree = "<group>"; };
		7396836D1CE0D633005F08A7 /* 80x80.png */ = {isa = PBXFileReference; lastKnownFileType = image.png; path = 80x80.png; sourceTree = "<group>"; };
		7396836E1CE0D633005F08A7 /* 90x90.png */ = {isa = PBXFileReference; lastKnownFileType = image.png; path = 90x90.png; sourceTree = "<group>"; };
		7396836F1CE0D633005F08A7 /* 114x114.png */ = {isa = PBXFileReference; lastKnownFileType = image.png; path = 114x114.png; sourceTree = "<group>"; };
		739683751CE0D77C005F08A7 /* 152x152.png */ = {isa = PBXFileReference; lastKnownFileType = image.png; path = 152x152.png; sourceTree = "<group>"; };
/* End PBXFileReference section */

/* Begin PBXFrameworksBuildPhase section */
		735BA3131CDFAB0A0001A92D /* Frameworks */ = {
			isa = PBXFrameworksBuildPhase;
			buildActionMask = 2147483647;
			files = (
			);
			runOnlyForDeploymentPostprocessing = 0;
		};
/* End PBXFrameworksBuildPhase section */

/* Begin PBXGroup section */
		735BA30D1CDFAB090001A92D = {
			isa = PBXGroup;
			children = (
				735BA3181CDFAB0A0001A92D /* Calculator */,
				735BA3171CDFAB0A0001A92D /* Products */,
			);
			sourceTree = "<group>";
		};
		735BA3171CDFAB0A0001A92D /* Products */ = {
			isa = PBXGroup;
			children = (
				735BA3161CDFAB0A0001A92D /* Calculator.app */,
			);
			name = Products;
			sourceTree = "<group>";
		};
		735BA3181CDFAB0A0001A92D /* Calculator */ = {
			isa = PBXGroup;
			children = (
				739683621CE0D475005F08A7 /* icons */,
				735BA3191CDFAB0A0001A92D /* AppDelegate.swift */,
				735BA31B1CDFAB0A0001A92D /* ViewController.swift */,
				735BA31D1CDFAB0A0001A92D /* Main.storyboard */,
				735BA3201CDFAB0A0001A92D /* Assets.xcassets */,
				735BA3221CDFAB0A0001A92D /* LaunchScreen.storyboard */,
				735BA3251CDFAB0A0001A92D /* Info.plist */,
			);
			path = Calculator;
			sourceTree = "<group>";
		};
		739683621CE0D475005F08A7 /* icons */ = {
			isa = PBXGroup;
			children = (
				739683751CE0D77C005F08A7 /* 152x152.png */,
				7396836B1CE0D633005F08A7 /* 64x64.png */,
				7396836C1CE0D633005F08A7 /* 70x70.png */,
				7396836D1CE0D633005F08A7 /* 80x80.png */,
				7396836E1CE0D633005F08A7 /* 90x90.png */,
				7396836F1CE0D633005F08A7 /* 114x114.png */,
				739683631CE0D4B5005F08A7 /* 29x29.png */,
				739683641CE0D4B5005F08A7 /* 40x40.png */,
				739683651CE0D4B5005F08A7 /* 57x57.png */,
				739683661CE0D4B5005F08A7 /* 60x60.png */,
			);
			path = icons;
			sourceTree = "<group>";
		};
/* End PBXGroup section */

/* Begin PBXNativeTarget section */
		735BA3151CDFAB0A0001A92D /* Calculator */ = {
			isa = PBXNativeTarget;
			buildConfigurationList = 735BA3281CDFAB0A0001A92D /* Build configuration list for PBXNativeTarget "Calculator" */;
			buildPhases = (
				735BA3121CDFAB0A0001A92D /* Sources */,
				735BA3131CDFAB0A0001A92D /* Frameworks */,
				735BA3141CDFAB0A0001A92D /* Resources */,
			);
			buildRules = (
			);
			dependencies = (
			);
			name = Calculator;
			productName = Calculator;
			productReference = 735BA3161CDFAB0A0001A92D /* Calculator.app */;
			productType = "com.apple.product-type.application";
		};
/* End PBXNativeTarget section */

/* Begin PBXProject section */
		735BA30E1CDFAB090001A92D /* Project object */ = {
			isa = PBXProject;
			attributes = {
				LastSwiftUpdateCheck = 0730;
				LastUpgradeCheck = 0730;
				ORGANIZATIONNAME = "Павел Анплеенко";
				TargetAttributes = {
					735BA3151CDFAB0A0001A92D = {
						CreatedOnToolsVersion = 7.3.1;
						DevelopmentTeam = 9T23CDVWRT;
					};
				};
			};
			buildConfigurationList = 735BA3111CDFAB090001A92D /* Build configuration list for PBXProject "Calculator" */;
			compatibilityVersion = "Xcode 3.2";
			developmentRegion = English;
			hasScannedForEncodings = 0;
			knownRegions = (
				en,
				Base,
			);
			mainGroup = 735BA30D1CDFAB090001A92D;
			productRefGroup = 735BA3171CDFAB0A0001A92D /* Products */;
			projectDirPath = "";
			projectRoot = "";
			targets = (
				735BA3151CDFAB0A0001A92D /* Calculator */,
			);
		};
/* End PBXProject section */

/* Begin PBXResourcesBuildPhase section */
		735BA3141CDFAB0A0001A92D /* Resources */ = {
			isa = PBXResourcesBuildPhase;
			buildActionMask = 2147483647;
			files = (
				739683701CE0D633005F08A7 /* 64x64.png in Resources */,
				735BA3241CDFAB0A0001A92D /* LaunchScreen.storyboard in Resources */,
				739683741CE0D633005F08A7 /* 114x114.png in Resources */,
				7396836A1CE0D4B5005F08A7 /* 60x60.png in Resources */,
				739683681CE0D4B5005F08A7 /* 40x40.png in Resources */,
				739683731CE0D633005F08A7 /* 90x90.png in Resources */,
				735BA3211CDFAB0A0001A92D /* Assets.xcassets in Resources */,
				739683711CE0D633005F08A7 /* 70x70.png in Resources */,
				739683761CE0D77C005F08A7 /* 152x152.png in Resources */,
				739683671CE0D4B5005F08A7 /* 29x29.png in Resources */,
				739683691CE0D4B5005F08A7 /* 57x57.png in Resources */,
				739683721CE0D633005F08A7 /* 80x80.png in Resources */,
				735BA31F1CDFAB0A0001A92D /* Main.storyboard in Resources */,
			);
			runOnlyForDeploymentPostprocessing = 0;
		};
/* End PBXResourcesBuildPhase section */

/* Begin PBXSourcesBuildPhase section */
		735BA3121CDFAB0A0001A92D /* Sources */ = {
			isa = PBXSourcesBuildPhase;
			buildActionMask = 2147483647;
			files = (
				735BA31C1CDFAB0A0001A92D /* ViewController.swift in Sources */,
				735BA31A1CDFAB0A0001A92D /* AppDelegate.swift in Sources */,
			);
			runOnlyForDeploymentPostprocessing = 0;
		};
/* End PBXSourcesBuildPhase section */

/* Begin PBXVariantGroup section */
		735BA31D1CDFAB0A0001A92D /* Main.storyboard */ = {
			isa = PBXVariantGroup;
			children = (
				735BA31E1CDFAB0A0001A92D /* Base */,
			);
			name = Main.storyboard;
			sourceTree = "<group>";
		};
		735BA3221CDFAB0A0001A92D /* LaunchScreen.storyboard */ = {
			isa = PBXVariantGroup;
			children = (
				735BA3231CDFAB0A0001A92D /* Base */,
			);
			name = LaunchScreen.storyboard;
			sourceTree = "<group>";
		};
/* End PBXVariantGroup section */

/* Begin XCBuildConfiguration section */
		735BA3261CDFAB0A0001A92D /* Debug */ = {
			isa = XCBuildConfiguration;
			buildSettings = {
				ALWAYS_SEARCH_USER_PATHS = NO;
				CLANG_ANALYZER_NONNULL = YES;
				CLANG_CXX_LANGUAGE_STANDARD = "gnu++0x";
				CLANG_CXX_LIBRARY = "libc++";
				CLANG_ENABLE_MODULES = YES;
				CLANG_ENABLE_OBJC_ARC = YES;
				CLANG_WARN_BOOL_CONVERSION = YES;
				CLANG_WARN_CONSTANT_CONVERSION = YES;
				CLANG_WARN_DIRECT_OBJC_ISA_USAGE = YES_ERROR;
				CLANG_WARN_EMPTY_BODY = YES;
				CLANG_WARN_ENUM_CONVERSION = YES;
				CLANG_WARN_INT_CONVERSION = YES;
				CLANG_WARN_OBJC_ROOT_CLASS = YES_ERROR;
				CLANG_WARN_UNREACHABLE_CODE = YES;
				CLANG_WARN__DUPLICATE_METHOD_MATCH = YES;
				"CODE_SIGN_IDENTITY[sdk=iphoneos*]" = "iPhone Developer";
				COPY_PHASE_STRIP = NO;
				DEBUG_INFORMATION_FORMAT = dwarf;
				ENABLE_STRICT_OBJC_MSGSEND = YES;
				ENABLE_TESTABILITY = YES;
				GCC_C_LANGUAGE_STANDARD = gnu99;
				GCC_DYNAMIC_NO_PIC = NO;
				GCC_NO_COMMON_BLOCKS = YES;
				GCC_OPTIMIZATION_LEVEL = 0;
				GCC_PREPROCESSOR_DEFINITIONS = (
					"DEBUG=1",
					"$(inherited)",
				);
				GCC_WARN_64_TO_32_BIT_CONVERSION = YES;
				GCC_WARN_ABOUT_RETURN_TYPE = YES_ERROR;
				GCC_WARN_UNDECLARED_SELECTOR = YES;
				GCC_WARN_UNINITIALIZED_AUTOS = YES_AGGRESSIVE;
				GCC_WARN_UNUSED_FUNCTION = YES;
				GCC_WARN_UNUSED_VARIABLE = YES;
				IPHONEOS_DEPLOYMENT_TARGET = 9.3;
				MTL_ENABLE_DEBUG_INFO = YES;
				ONLY_ACTIVE_ARCH = YES;
				SDKROOT = iphoneos;
				SWIFT_OPTIMIZATION_LEVEL = "-Onone";
			};
			name = Debug;
		};
		735BA3271CDFAB0A0001A92D /* Release */ = {
			isa = XCBuildConfiguration;
			buildSettings = {
				ALWAYS_SEARCH_USER_PATHS = NO;
				CLANG_ANALYZER_NONNULL = YES;
				CLANG_CXX_LANGUAGE_STANDARD = "gnu++0x";
				CLANG_CXX_LIBRARY = "libc++";
				CLANG_ENABLE_MODULES = YES;
				CLANG_ENABLE_OBJC_ARC = YES;
				CLANG_WARN_BOOL_CONVERSION = YES;
				CLANG_WARN_CONSTANT_CONVERSION = YES;
				CLANG_WARN_DIRECT_OBJC_ISA_USAGE = YES_ERROR;
				CLANG_WARN_EMPTY_BODY = YES;
				CLANG_WARN_ENUM_CONVERSION = YES;
				CLANG_WARN_INT_CONVERSION = YES;
				CLANG_WARN_OBJC_ROOT_CLASS = YES_ERROR;
				CLANG_WARN_UNREACHABLE_CODE = YES;
				CLANG_WARN__DUPLICATE_METHOD_MATCH = YES;
				"CODE_SIGN_IDENTITY[sdk=iphoneos*]" = "iPhone Developer";
				COPY_PHASE_STRIP = NO;
				DEBUG_INFORMATION_FORMAT = "dwarf-with-dsym";
				ENABLE_NS_ASSERTIONS = NO;
				ENABLE_STRICT_OBJC_MSGSEND = YES;
				GCC_C_LANGUAGE_STANDARD = gnu99;
				GCC_NO_COMMON_BLOCKS = YES;
				GCC_WARN_64_TO_32_BIT_CONVERSION = YES;
				GCC_WARN_ABOUT_RETURN_TYPE = YES_ERROR;
				GCC_WARN_UNDECLARED_SELECTOR = YES;
				GCC_WARN_UNINITIALIZED_AUTOS = YES_AGGRESSIVE;
				GCC_WARN_UNUSED_FUNCTION = YES;
				GCC_WARN_UNUSED_VARIABLE = YES;
				IPHONEOS_DEPLOYMENT_TARGET = 9.3;
				MTL_ENABLE_DEBUG_INFO = NO;
				SDKROOT = iphoneos;
				VALIDATE_PRODUCT = YES;
			};
			name = Release;
		};
		735BA3291CDFAB0A0001A92D /* Debug */ = {
			isa = XCBuildConfiguration;
			buildSettings = {
				ASSETCATALOG_COMPILER_APPICON_NAME = AppIcon;
				CODE_SIGN_IDENTITY = "iPhone Developer";
				"CODE_SIGN_IDENTITY[sdk=iphoneos*]" = "iPhone Developer";
				INFOPLIST_FILE = Calculator/Info.plist;
				LD_RUNPATH_SEARCH_PATHS = "$(inherited) @executable_path/Frameworks";
				PRODUCT_BUNDLE_IDENTIFIER = "learn-swift.Calculator";
				PRODUCT_NAME = "$(TARGET_NAME)";
				PROVISIONING_PROFILE = "";
			};
			name = Debug;
		};
		735BA32A1CDFAB0A0001A92D /* Release */ = {
			isa = XCBuildConfiguration;
			buildSettings = {
				ASSETCATALOG_COMPILER_APPICON_NAME = AppIcon;
				CODE_SIGN_IDENTITY = "iPhone Developer";
				"CODE_SIGN_IDENTITY[sdk=iphoneos*]" = "iPhone Developer";
				INFOPLIST_FILE = Calculator/Info.plist;
				LD_RUNPATH_SEARCH_PATHS = "$(inherited) @executable_path/Frameworks";
				PRODUCT_BUNDLE_IDENTIFIER = "learn-swift.Calculator";
				PRODUCT_NAME = "$(TARGET_NAME)";
				PROVISIONING_PROFILE = "";
			};
			name = Release;
		};
/* End XCBuildConfiguration section */

/* Begin XCConfigurationList section */
		735BA3111CDFAB090001A92D /* Build configuration list for PBXProject "Calculator" */ = {
			isa = XCConfigurationList;
			buildConfigurations = (
				735BA3261CDFAB0A0001A92D /* Debug */,
				735BA3271CDFAB0A0001A92D /* Release */,
			);
			defaultConfigurationIsVisible = 0;
			defaultConfigurationName = Release;
		};
		735BA3281CDFAB0A0001A92D /* Build configuration list for PBXNativeTarget "Calculator" */ = {
			isa = XCConfigurationList;
			buildConfigurations = (
				735BA3291CDFAB0A0001A92D /* Debug */,
				735BA32A1CDFAB0A0001A92D /* Release */,
			);
			defaultConfigurationIsVisible = 0;
			defaultConfigurationName = Release;
		};
/* End XCConfigurationList section */
	};
	rootObject = 735BA30E1CDFAB090001A92D /* Project object */;
}
